<?xml version="1.0" encoding="utf-8"?>
<Project ToolsVersion="4.0" xmlns="http://schemas.microsoft.com/developer/msbuild/2003">
  <ItemGroup>
    <Filter Include="Source Files">
      <UniqueIdentifier>{4FC737F1-C7A5-4376-A066-2A32D752A2FF}</UniqueIdentifier>
      <Extensions>cpp;c;cc;cxx;c++;cppm;ixx;def;odl;idl;hpj;bat;asm;asmx</Extensions>
    </Filter>
    <Filter Include="Header Files">
      <UniqueIdentifier>{93995380-89BD-4b04-88EB-625FBE52EBFB}</UniqueIdentifier>
      <Extensions>h;hh;hpp;hxx;h++;hm;inl;inc;ipp;xsd</Extensions>
    </Filter>
    <Filter Include="Resource Files">
      <UniqueIdentifier>{67DA6AB6-F800-4c08-8B7A-83BB121AAD01}</UniqueIdentifier>
      <Extensions>rc;ico;cur;bmp;dlg;rc2;rct;bin;rgs;gif;jpg;jpeg;jpe;resx;tiff;tif;png;wav;mfcribbon-ms</Extensions>
    </Filter>
    <Filter Include="Header Files\Core">
      <UniqueIdentifier>{6c8458a7-3cd3-402c-8c44-f83f78b6a3e8}</UniqueIdentifier>
    </Filter>
    <Filter Include="Header Files\Lib">
      <UniqueIdentifier>{6c4c05c6-16a5-4b62-a727-65faa847f1f3}</UniqueIdentifier>
    </Filter>
    <Filter Include="Header Files\Screens">
      <UniqueIdentifier>{0b25d2aa-d9f9-43ca-84f5-81c20e741de0}</UniqueIdentifier>
    </Filter>
    <Filter Include="Header Files\Screens\Client">
      <UniqueIdentifier>{dde71188-05eb-4a59-974c-bc567285b113}</UniqueIdentifier>
    </Filter>
    <Filter Include="Header Files\Screens\User">
      <UniqueIdentifier>{0f134ed0-2eb3-4af0-9cda-e564d2cb7931}</UniqueIdentifier>
    </Filter>
    <Filter Include="Header Files\Screens\Currency">
      <UniqueIdentifier>{447be425-3711-4f4b-9729-e28d7d96d994}</UniqueIdentifier>
    </Filter>
  </ItemGroup>
  <ItemGroup>
    <ClCompile Include="Bank oop.cpp">
      <Filter>Source Files</Filter>
    </ClCompile>
  </ItemGroup>
  <ItemGroup>
    <ClInclude Include="global.h">
      <Filter>Header Files</Filter>
    </ClInclude>
    <ClInclude Include="clBankClient.h">
      <Filter>Header Files\Core</Filter>
    </ClInclude>
    <ClInclude Include="clCurrency.h">
      <Filter>Header Files\Core</Filter>
    </ClInclude>
    <ClInclude Include="clUser.h">
      <Filter>Header Files\Core</Filter>
    </ClInclude>
    <ClInclude Include="clPerson.h">
      <Filter>Header Files\Core</Filter>
    </ClInclude>
    <ClInclude Include="clDate.h">
      <Filter>Header Files\Lib</Filter>
    </ClInclude>
    <ClInclude Include="clString.h">
      <Filter>Header Files\Lib</Filter>
    </ClInclude>
    <ClInclude Include="clUtil.h">
      <Filter>Header Files\Lib</Filter>
    </ClInclude>
    <ClInclude Include="InputValidate.h">
      <Filter>Header Files\Lib</Filter>
    </ClInclude>
    <ClInclude Include="clAddNewClientScreen.h">
      <Filter>Header Files\Screens\Client</Filter>
    </ClInclude>
    <ClInclude Include="clCleintListScreen.h">
      <Filter>Header Files\Screens\Client</Filter>
    </ClInclude>
    <ClInclude Include="clDeleteClientScreen.h">
      <Filter>Header Files\Screens\Client</Filter>
    </ClInclude>
    <ClInclude Include="clDepositScreen.h">
      <Filter>Header Files\Screens\Client</Filter>
    </ClInclude>
    <ClInclude Include="clFindClientScreen.h">
      <Filter>Header Files\Screens\Client</Filter>
    </ClInclude>
    <ClInclude Include="clTotalBalancesScreen.h">
      <Filter>Header Files\Screens\Client</Filter>
    </ClInclude>
    <ClInclude Include="clUpdateClientScreen.h">
      <Filter>Header Files\Screens\Client</Filter>
    </ClInclude>
    <ClInclude Include="clWithdrawScreen.h">
      <Filter>Header Files\Screens\Client</Filter>
    </ClInclude>
    <ClInclude Include="clTransferLogScreen.h">
      <Filter>Header Files\Screens\Client</Filter>
    </ClInclude>
    <ClInclude Include="clTransferScreen.h">
      <Filter>Header Files\Screens\Client</Filter>
    </ClInclude>
    <ClInclude Include="clTransactionsScreen.h">
      <Filter>Header Files\Screens\Client</Filter>
    </ClInclude>
    <ClInclude Include="clAddNewUserScreen.h">
      <Filter>Header Files\Screens\User</Filter>
    </ClInclude>
    <ClInclude Include="clDeleteUserScreen.h">
      <Filter>Header Files\Screens\User</Filter>
    </ClInclude>
    <ClInclude Include="clFindUserScreen.h">
      <Filter>Header Files\Screens\User</Filter>
    </ClInclude>
    <ClInclude Include="clLoginScreen.h">
      <Filter>Header Files\Screens\User</Filter>
    </ClInclude>
    <ClInclude Include="clManageUsersScreen.h">
      <Filter>Header Files\Screens\User</Filter>
    </ClInclude>
    <ClInclude Include="clRegisterLoginScreen.h">
      <Filter>Header Files\Screens\User</Filter>
    </ClInclude>
    <ClInclude Include="clUpdateUserScreen.h">
      <Filter>Header Files\Screens\User</Filter>
    </ClInclude>
    <ClInclude Include="clUserListScreen.h">
      <Filter>Header Files\Screens\User</Filter>
    </ClInclude>
    <ClInclude Include="clCurrencyCalculatorScreen.h">
      <Filter>Header Files\Screens\Currency</Filter>
    </ClInclude>
    <ClInclude Include="clCurrencyExchangeMainMenu.h">
      <Filter>Header Files\Screens\Currency</Filter>
    </ClInclude>
    <ClInclude Include="clCurrencyListScreen.h">
      <Filter>Header Files\Screens\Currency</Filter>
    </ClInclude>
    <ClInclude Include="clFindCurrencyScreen.h">
      <Filter>Header Files\Screens\Currency</Filter>
    </ClInclude>
    <ClInclude Include="clUpdateCurrencyRateScreen.h">
      <Filter>Header Files\Screens\Currency</Filter>
    </ClInclude>
    <ClInclude Include="clScreen.h">
      <Filter>Header Files\Screens</Filter>
    </ClInclude>
    <ClInclude Include="clShowMainMenuScreen.h">
      <Filter>Header Files\Screens</Filter>
    </ClInclude>
    <ClInclude Include="Interface_communication.h">
      <Filter>Header Files\Core</Filter>
    </ClInclude>
  </ItemGroup>
</Project>